{
  "lockfileVersion": 1,
  "workspaces": {
    "": {
      "name": "@cubing/scramble-table",
      "dependencies": {
        "@fontsource/ubuntu": "^5.0.8",
        "age-encryption": "^0.2.0",
        "array-buffer-to-hex": "^1.0.0",
        "cubing": "^0.45.0",
        "hex-to-array-buffer": "^2.0.0",
        "random-uint-below": "^2.0.0",
      },
      "devDependencies": {
        "@biomejs/biome": "^1.9.4",
        "@types/bun": "^1.2.2",
        "barely-a-dev-server": "^0.6.0",
        "typescript": "^5.2.2",
      },
    },
  },
  "packages": {
    "@biomejs/biome": ["@biomejs/biome@1.9.4", "", { "optionalDependencies": { "@biomejs/cli-darwin-arm64": "1.9.4", "@biomejs/cli-darwin-x64": "1.9.4", "@biomejs/cli-linux-arm64": "1.9.4", "@biomejs/cli-linux-arm64-musl": "1.9.4", "@biomejs/cli-linux-x64": "1.9.4", "@biomejs/cli-linux-x64-musl": "1.9.4", "@biomejs/cli-win32-arm64": "1.9.4", "@biomejs/cli-win32-x64": "1.9.4" }, "bin": { "biome": "bin/biome" } }, "sha512-1rkd7G70+o9KkTn5KLmDYXihGoTaIGO9PIIN2ZB7UJxFrWw04CZHPYiMRjYsaDvVV7hP1dYNRLxSANLaBFGpog=="],

    "@biomejs/cli-darwin-arm64": ["@biomejs/cli-darwin-arm64@1.9.4", "", { "os": "darwin", "cpu": "arm64" }, "sha512-bFBsPWrNvkdKrNCYeAp+xo2HecOGPAy9WyNyB/jKnnedgzl4W4Hb9ZMzYNbf8dMCGmUdSavlYHiR01QaYR58cw=="],

    "@biomejs/cli-darwin-x64": ["@biomejs/cli-darwin-x64@1.9.4", "", { "os": "darwin", "cpu": "x64" }, "sha512-ngYBh/+bEedqkSevPVhLP4QfVPCpb+4BBe2p7Xs32dBgs7rh9nY2AIYUL6BgLw1JVXV8GlpKmb/hNiuIxfPfZg=="],

    "@biomejs/cli-linux-arm64": ["@biomejs/cli-linux-arm64@1.9.4", "", { "os": "linux", "cpu": "arm64" }, "sha512-fJIW0+LYujdjUgJJuwesP4EjIBl/N/TcOX3IvIHJQNsAqvV2CHIogsmA94BPG6jZATS4Hi+xv4SkBBQSt1N4/g=="],

    "@biomejs/cli-linux-arm64-musl": ["@biomejs/cli-linux-arm64-musl@1.9.4", "", { "os": "linux", "cpu": "arm64" }, "sha512-v665Ct9WCRjGa8+kTr0CzApU0+XXtRgwmzIf1SeKSGAv+2scAlW6JR5PMFo6FzqqZ64Po79cKODKf3/AAmECqA=="],

    "@biomejs/cli-linux-x64": ["@biomejs/cli-linux-x64@1.9.4", "", { "os": "linux", "cpu": "x64" }, "sha512-lRCJv/Vi3Vlwmbd6K+oQ0KhLHMAysN8lXoCI7XeHlxaajk06u7G+UsFSO01NAs5iYuWKmVZjmiOzJ0OJmGsMwg=="],

    "@biomejs/cli-linux-x64-musl": ["@biomejs/cli-linux-x64-musl@1.9.4", "", { "os": "linux", "cpu": "x64" }, "sha512-gEhi/jSBhZ2m6wjV530Yy8+fNqG8PAinM3oV7CyO+6c3CEh16Eizm21uHVsyVBEB6RIM8JHIl6AGYCv6Q6Q9Tg=="],

    "@biomejs/cli-win32-arm64": ["@biomejs/cli-win32-arm64@1.9.4", "", { "os": "win32", "cpu": "arm64" }, "sha512-tlbhLk+WXZmgwoIKwHIHEBZUwxml7bRJgk0X2sPyNR3S93cdRq6XulAZRQJ17FYGGzWne0fgrXBKpl7l4M87Hg=="],

    "@biomejs/cli-win32-x64": ["@biomejs/cli-win32-x64@1.9.4", "", { "os": "win32", "cpu": "x64" }, "sha512-8Y5wMhVIPaWe6jw2H+KlEm4wP/f7EW3810ZLmDlrEEy5KvBsb9ECEfu/kMWD484ijfQ8+nIi0giMgu9g1UAuuA=="],

    "@esbuild/android-arm": ["@esbuild/android-arm@0.19.2", "", { "os": "android", "cpu": "arm" }, "sha512-tM8yLeYVe7pRyAu9VMi/Q7aunpLwD139EY1S99xbQkT4/q2qa6eA4ige/WJQYdJ8GBL1K33pPFhPfPdJ/WzT8Q=="],

    "@esbuild/android-arm64": ["@esbuild/android-arm64@0.19.2", "", { "os": "android", "cpu": "arm64" }, "sha512-lsB65vAbe90I/Qe10OjkmrdxSX4UJDjosDgb8sZUKcg3oefEuW2OT2Vozz8ef7wrJbMcmhvCC+hciF8jY/uAkw=="],

    "@esbuild/android-x64": ["@esbuild/android-x64@0.19.2", "", { "os": "android", "cpu": "x64" }, "sha512-qK/TpmHt2M/Hg82WXHRc/W/2SGo/l1thtDHZWqFq7oi24AjZ4O/CpPSu6ZuYKFkEgmZlFoa7CooAyYmuvnaG8w=="],

    "@esbuild/darwin-arm64": ["@esbuild/darwin-arm64@0.19.2", "", { "os": "darwin", "cpu": "arm64" }, "sha512-Ora8JokrvrzEPEpZO18ZYXkH4asCdc1DLdcVy8TGf5eWtPO1Ie4WroEJzwI52ZGtpODy3+m0a2yEX9l+KUn0tA=="],

    "@esbuild/darwin-x64": ["@esbuild/darwin-x64@0.19.2", "", { "os": "darwin", "cpu": "x64" }, "sha512-tP+B5UuIbbFMj2hQaUr6EALlHOIOmlLM2FK7jeFBobPy2ERdohI4Ka6ZFjZ1ZYsrHE/hZimGuU90jusRE0pwDw=="],

    "@esbuild/freebsd-arm64": ["@esbuild/freebsd-arm64@0.19.2", "", { "os": "freebsd", "cpu": "arm64" }, "sha512-YbPY2kc0acfzL1VPVK6EnAlig4f+l8xmq36OZkU0jzBVHcOTyQDhnKQaLzZudNJQyymd9OqQezeaBgkTGdTGeQ=="],

    "@esbuild/freebsd-x64": ["@esbuild/freebsd-x64@0.19.2", "", { "os": "freebsd", "cpu": "x64" }, "sha512-nSO5uZT2clM6hosjWHAsS15hLrwCvIWx+b2e3lZ3MwbYSaXwvfO528OF+dLjas1g3bZonciivI8qKR/Hm7IWGw=="],

    "@esbuild/linux-arm": ["@esbuild/linux-arm@0.19.2", "", { "os": "linux", "cpu": "arm" }, "sha512-Odalh8hICg7SOD7XCj0YLpYCEc+6mkoq63UnExDCiRA2wXEmGlK5JVrW50vZR9Qz4qkvqnHcpH+OFEggO3PgTg=="],

    "@esbuild/linux-arm64": ["@esbuild/linux-arm64@0.19.2", "", { "os": "linux", "cpu": "arm64" }, "sha512-ig2P7GeG//zWlU0AggA3pV1h5gdix0MA3wgB+NsnBXViwiGgY77fuN9Wr5uoCrs2YzaYfogXgsWZbm+HGr09xg=="],

    "@esbuild/linux-ia32": ["@esbuild/linux-ia32@0.19.2", "", { "os": "linux", "cpu": "ia32" }, "sha512-mLfp0ziRPOLSTek0Gd9T5B8AtzKAkoZE70fneiiyPlSnUKKI4lp+mGEnQXcQEHLJAcIYDPSyBvsUbKUG2ri/XQ=="],

    "@esbuild/linux-loong64": ["@esbuild/linux-loong64@0.19.2", "", { "os": "linux", "cpu": "none" }, "sha512-hn28+JNDTxxCpnYjdDYVMNTR3SKavyLlCHHkufHV91fkewpIyQchS1d8wSbmXhs1fiYDpNww8KTFlJ1dHsxeSw=="],

    "@esbuild/linux-mips64el": ["@esbuild/linux-mips64el@0.19.2", "", { "os": "linux", "cpu": "none" }, "sha512-KbXaC0Sejt7vD2fEgPoIKb6nxkfYW9OmFUK9XQE4//PvGIxNIfPk1NmlHmMg6f25x57rpmEFrn1OotASYIAaTg=="],

    "@esbuild/linux-ppc64": ["@esbuild/linux-ppc64@0.19.2", "", { "os": "linux", "cpu": "ppc64" }, "sha512-dJ0kE8KTqbiHtA3Fc/zn7lCd7pqVr4JcT0JqOnbj4LLzYnp+7h8Qi4yjfq42ZlHfhOCM42rBh0EwHYLL6LEzcw=="],

    "@esbuild/linux-riscv64": ["@esbuild/linux-riscv64@0.19.2", "", { "os": "linux", "cpu": "none" }, "sha512-7Z/jKNFufZ/bbu4INqqCN6DDlrmOTmdw6D0gH+6Y7auok2r02Ur661qPuXidPOJ+FSgbEeQnnAGgsVynfLuOEw=="],

    "@esbuild/linux-s390x": ["@esbuild/linux-s390x@0.19.2", "", { "os": "linux", "cpu": "s390x" }, "sha512-U+RinR6aXXABFCcAY4gSlv4CL1oOVvSSCdseQmGO66H+XyuQGZIUdhG56SZaDJQcLmrSfRmx5XZOWyCJPRqS7g=="],

    "@esbuild/linux-x64": ["@esbuild/linux-x64@0.19.2", "", { "os": "linux", "cpu": "x64" }, "sha512-oxzHTEv6VPm3XXNaHPyUTTte+3wGv7qVQtqaZCrgstI16gCuhNOtBXLEBkBREP57YTd68P0VgDgG73jSD8bwXQ=="],

    "@esbuild/netbsd-x64": ["@esbuild/netbsd-x64@0.19.2", "", { "os": "none", "cpu": "x64" }, "sha512-WNa5zZk1XpTTwMDompZmvQLHszDDDN7lYjEHCUmAGB83Bgs20EMs7ICD+oKeT6xt4phV4NDdSi/8OfjPbSbZfQ=="],

    "@esbuild/openbsd-x64": ["@esbuild/openbsd-x64@0.19.2", "", { "os": "openbsd", "cpu": "x64" }, "sha512-S6kI1aT3S++Dedb7vxIuUOb3oAxqxk2Rh5rOXOTYnzN8JzW1VzBd+IqPiSpgitu45042SYD3HCoEyhLKQcDFDw=="],

    "@esbuild/sunos-x64": ["@esbuild/sunos-x64@0.19.2", "", { "os": "sunos", "cpu": "x64" }, "sha512-VXSSMsmb+Z8LbsQGcBMiM+fYObDNRm8p7tkUDMPG/g4fhFX5DEFmjxIEa3N8Zr96SjsJ1woAhF0DUnS3MF3ARw=="],

    "@esbuild/win32-arm64": ["@esbuild/win32-arm64@0.19.2", "", { "os": "win32", "cpu": "arm64" }, "sha512-5NayUlSAyb5PQYFAU9x3bHdsqB88RC3aM9lKDAz4X1mo/EchMIT1Q+pSeBXNgkfNmRecLXA0O8xP+x8V+g/LKg=="],

    "@esbuild/win32-ia32": ["@esbuild/win32-ia32@0.19.2", "", { "os": "win32", "cpu": "ia32" }, "sha512-47gL/ek1v36iN0wL9L4Q2MFdujR0poLZMJwhO2/N3gA89jgHp4MR8DKCmwYtGNksbfJb9JoTtbkoe6sDhg2QTA=="],

    "@esbuild/win32-x64": ["@esbuild/win32-x64@0.19.2", "", { "os": "win32", "cpu": "x64" }, "sha512-tcuhV7ncXBqbt/Ybf0IyrMcwVOAPDckMK9rXNHtF17UTK18OKLpg08glminN06pt2WCoALhXdLfSPbVvK/6fxw=="],

    "@fontsource/ubuntu": ["@fontsource/ubuntu@5.0.8", "", {}, "sha512-lZY64hVXrnkt/+5jRfm0uMiRv+lmrIdnATAnDj1SPqebmI2UDf3KC9p4rOkIYsBOjOsD6seJ82GIQE067DSvWw=="],

    "@noble/ciphers": ["@noble/ciphers@1.2.0", "", {}, "sha512-YGdEUzYEd+82jeaVbSKKVp1jFZb8LwaNMIIzHFkihGvYdd/KKAr7KaJHdEdSYGredE3ssSravXIa0Jxg28Sv5w=="],

    "@noble/curves": ["@noble/curves@1.8.0", "", { "dependencies": { "@noble/hashes": "1.7.0" } }, "sha512-j84kjAbzEnQHaSIhRPUmB3/eVXu2k3dKPl2LOrR8fSOIL+89U+7lV117EWHtq/GHM3ReGHM46iRBdZfpc4HRUQ=="],

    "@noble/hashes": ["@noble/hashes@1.7.0", "", {}, "sha512-HXydb0DgzTpDPwbVeDGCG1gIu7X6+AuU6Zl6av/E/KG8LMsvPntvq+w17CHRpKBmN6Ybdrt1eP3k4cj8DJa78w=="],

    "@scure/base": ["@scure/base@1.2.1", "", {}, "sha512-DGmGtC8Tt63J5GfHgfl5CuAXh96VF/LD8K9Hr/Gv0J2lAoRGlPOMpqMpMbCTOoOJMZCk2Xt+DskdDyn6dEFdzQ=="],

    "@types/bun": ["@types/bun@1.2.2", "", { "dependencies": { "bun-types": "1.2.2" } }, "sha512-tr74gdku+AEDN5ergNiBnplr7hpDp3V1h7fqI2GcR/rsUaM39jpSeKH0TFibRvU0KwniRx5POgaYnaXbk0hU+w=="],

    "@types/node": ["@types/node@20.8.10", "", { "dependencies": { "undici-types": "~5.26.4" } }, "sha512-TlgT8JntpcbmKUFzjhsyhGfP2fsiz1Mv56im6enJ905xG1DAYesxJaeSbGqQmAw8OWPdhyJGhGSQGKRNJ45u9w=="],

    "@types/stats.js": ["@types/stats.js@0.17.2", "", {}, "sha512-j1oI+BOPiAAAKFysNNutE9aAIjvHqqILubCs2EeHKc19pi4uybaGAgBfLXsCgJYcyKWkiilEvl8CkFF/SL+baA=="],

    "@types/three": ["@types/three@0.157.2", "", { "dependencies": { "@types/stats.js": "*", "@types/webxr": "*", "fflate": "~0.6.10", "meshoptimizer": "~0.18.1" } }, "sha512-2kykrMgvO5LTAiahadM6ijoER+GcbEJ61pQVOyGxIJTCASoUnzwJvfhilsLxvEw4+glzhLYUDvvTvNjx+58Vzw=="],

    "@types/web-bluetooth": ["@types/web-bluetooth@0.0.18", "", {}, "sha512-v/ZHEj9xh82usl8LMR3GarzFY1IrbXJw5L4QfQhokjRV91q+SelFqxQWSep1ucXEZ22+dSTwLFkXeur25sPIbw=="],

    "@types/webxr": ["@types/webxr@0.5.7", "", {}, "sha512-Rcgs5c2eNFnHp53YOjgtKfl/zWX1Y+uFGUwlSXrWcZWu3yhANRezmph4MninmqybUYT6g9ZE0aQ9QIdPkLR3Kg=="],

    "@types/ws": ["@types/ws@8.5.14", "", { "dependencies": { "@types/node": "*" } }, "sha512-bd/YFLW+URhBzMXurx7lWByOu+xzU9+kb3RboOteXYDfW+tr+JZa99OyNmPINEGB/ahzKrEuc8rcv4gnpJmxTw=="],

    "age-encryption": ["age-encryption@0.2.0", "", { "dependencies": { "@noble/ciphers": "^1.2.0", "@noble/curves": "^1.3.0", "@noble/hashes": "^1.3.3", "@scure/base": "^1.1.5" } }, "sha512-Y05OOztNCxYA68jxAJw+kmwYqXDRV6wVazEGXio1LiUofFn8zIjH++WV0oyq5dEBPyLHrnN/7X/C23qk4r5row=="],

    "array-buffer-to-hex": ["array-buffer-to-hex@1.0.0", "", {}, "sha512-arycdkxgK1cj6s03GDb96tlCxOl1n3kg9M2OHseUc6Pqyqp+lgfceFPmG507eI5V+oxOSEnlOw/dFc7LXBXF4Q=="],

    "barely-a-dev-server": ["barely-a-dev-server@0.6.0", "", { "peerDependencies": { "esbuild": "^0.19.0" } }, "sha512-K+GYjRxOAGKwyHTLUeXODsccbzCYyyo2F7en8rCpu6CW/TauptX9cXqCiYTp++cbZB5YpeBa/LTz0wsFCw0f6Q=="],

    "bun-types": ["bun-types@1.2.2", "", { "dependencies": { "@types/node": "*", "@types/ws": "~8.5.10" } }, "sha512-RCbMH5elr9gjgDGDhkTTugA21XtJAy/9jkKe/G3WR2q17VPGhcquf9Sir6uay9iW+7P/BV0CAHA1XlHXMAVKHg=="],

    "comlink": ["comlink@4.4.1", "", {}, "sha512-+1dlx0aY5Jo1vHy/tSsIGpSkN4tS9rZSW8FIhG0JH/crs9wwweswIo/POr451r7bZww3hFbPAKnTpimzL/mm4Q=="],

    "cubing": ["cubing@0.45.0", "", { "dependencies": { "@types/three": "^0.157.0", "@types/web-bluetooth": "^0.0.18", "comlink": "^4.4.1", "random-uint-below": "^2.0.0", "three": "^0.157.0" }, "bin": { "scramble": "dist/bin/scramble.js" } }, "sha512-LZ98Cxj2WLHqAY14DKJyFwnhidhb38D6WstdIiqeY0EeCP0paevPcJRGrjUfCLka44hNii4vyr1LMmgSBg+yqA=="],

    "esbuild": ["esbuild@0.19.2", "", { "optionalDependencies": { "@esbuild/android-arm": "0.19.2", "@esbuild/android-arm64": "0.19.2", "@esbuild/android-x64": "0.19.2", "@esbuild/darwin-arm64": "0.19.2", "@esbuild/darwin-x64": "0.19.2", "@esbuild/freebsd-arm64": "0.19.2", "@esbuild/freebsd-x64": "0.19.2", "@esbuild/linux-arm": "0.19.2", "@esbuild/linux-arm64": "0.19.2", "@esbuild/linux-ia32": "0.19.2", "@esbuild/linux-loong64": "0.19.2", "@esbuild/linux-mips64el": "0.19.2", "@esbuild/linux-ppc64": "0.19.2", "@esbuild/linux-riscv64": "0.19.2", "@esbuild/linux-s390x": "0.19.2", "@esbuild/linux-x64": "0.19.2", "@esbuild/netbsd-x64": "0.19.2", "@esbuild/openbsd-x64": "0.19.2", "@esbuild/sunos-x64": "0.19.2", "@esbuild/win32-arm64": "0.19.2", "@esbuild/win32-ia32": "0.19.2", "@esbuild/win32-x64": "0.19.2" }, "bin": "bin/esbuild" }, "sha512-G6hPax8UbFakEj3hWO0Vs52LQ8k3lnBhxZWomUJDxfz3rZTLqF5k/FCzuNdLx2RbpBiQQF9H9onlDDH1lZsnjg=="],

    "fflate": ["fflate@0.6.10", "", {}, "sha512-IQrh3lEPM93wVCEczc9SaAOvkmcoQn/G8Bo1e8ZPlY3X3bnAxWaBdvTdvM1hP62iZp0BXWDy4vTAy4fF0+Dlpg=="],

    "hex-to-array-buffer": ["hex-to-array-buffer@2.0.0", "", {}, "sha512-svtomp6qK6DL7TgteiPmImS/FQFb5yJSt17zseS8qBcYrJLkieFJKn2a2FBjRG9BYpy9uq2VeEBh6rRc16xh8w=="],

    "meshoptimizer": ["meshoptimizer@0.18.1", "", {}, "sha512-ZhoIoL7TNV4s5B6+rx5mC//fw8/POGyNxS/DZyCJeiZ12ScLfVwRE/GfsxwiTkMYYD5DmK2/JXnEVXqL4rF+Sw=="],

    "random-uint-below": ["random-uint-below@2.0.0", "", {}, "sha512-2gD9r+3IkNJ6JGfra+T2tA4SGf3ne5pz2QGuXQ9fXdxAX38i0OEsqJ19smnEsYnjhYi0H0ICo8D4pfqw3Pszhw=="],

    "three": ["three@0.157.0", "", {}, "sha512-CeAwQrf4x3z0/e+MC4F+nXLW5t0gh3pw+L6CCBqpHvOq3bGYIgRYub7Pv0j/9wR+d++OiEglyZzWyuSYbwWGOA=="],

    "typescript": ["typescript@5.2.2", "", { "bin": { "tsc": "bin/tsc", "tsserver": "bin/tsserver" } }, "sha512-mI4WrpHsbCIcwT9cF4FZvr80QUeKvsUsUvKDoR+X/7XHQH98xYD8YHZg7ANtz2GtZt/CBq2QJ0thkGJMHfqc1w=="],

    "undici-types": ["undici-types@5.26.5", "", {}, "sha512-JlCMO+ehdEIKqlFxk6IfVoAUVmgz7cU7zD/h9XZ0qzeosSHmUJVOzSQvvYSYWXkFXC+IfLKSIffhv0sVZup6pA=="],
  }
}
